// !$*UTF8*$!
{
	archiveVersion = 1;
	classes = {
	};
	objectVersion = 46;
	objects = {

/* Begin PBXBuildFile section */
		E2D774711F5C13D900892E42 /* AppDelegate.swift in Sources */ = {isa = PBXBuildFile; fileRef = E2D774701F5C13D900892E42 /* AppDelegate.swift */; };
		E2D774731F5C13D900892E42 /* ViewController.swift in Sources */ = {isa = PBXBuildFile; fileRef = E2D774721F5C13D900892E42 /* ViewController.swift */; };
		E2D774761F5C13D900892E42 /* Main.storyboard in Resources */ = {isa = PBXBuildFile; fileRef = E2D774741F5C13D900892E42 /* Main.storyboard */; };
		E2D774781F5C13D900892E42 /* Assets.xcassets in Resources */ = {isa = PBXBuildFile; fileRef = E2D774771F5C13D900892E42 /* Assets.xcassets */; };
		E2D7747B1F5C13D900892E42 /* LaunchScreen.storyboard in Resources */ = {isa = PBXBuildFile; fileRef = E2D774791F5C13D900892E42 /* LaunchScreen.storyboard */; };
		E2D774861F5C13D900892E42 /* CalculatorTests.swift in Sources */ = {isa = PBXBuildFile; fileRef = E2D774851F5C13D900892E42 /* CalculatorTests.swift */; };
		E2D774911F5C13DA00892E42 /* CalculatorUITests.swift in Sources */ = {isa = PBXBuildFile; fileRef = E2D774901F5C13DA00892E42 /* CalculatorUITests.swift */; };
/* End PBXBuildFile section */

/* Begin PBXContainerItemProxy section */
		E2D774821F5C13D900892E42 /* PBXContainerItemProxy */ = {
			isa = PBXContainerItemProxy;
			containerPortal = E2D774651F5C13D900892E42 /* Project object */;
			proxyType = 1;
			remoteGlobalIDString = E2D7746C1F5C13D900892E42;
			remoteInfo = Calculator;
		};
		E2D7748D1F5C13DA00892E42 /* PBXContainerItemProxy */ = {
			isa = PBXContainerItemProxy;
			containerPortal = E2D774651F5C13D900892E42 /* Project object */;
			proxyType = 1;
			remoteGlobalIDString = E2D7746C1F5C13D900892E42;
			remoteInfo = Calculator;
		};
/* End PBXContainerItemProxy section */

/* Begin PBXFileReference section */
		E2D7746D1F5C13D900892E42 /* Calculator.app */ = {isa = PBXFileReference; explicitFileType = wrapper.application; includeInIndex = 0; path = Calculator.app; sourceTree = BUILT_PRODUCTS_DIR; };
		E2D774701F5C13D900892E42 /* AppDelegate.swift */ = {isa = PBXFileReference; lastKnownFileType = sourcecode.swift; path = AppDelegate.swift; sourceTree = "<group>"; };
		E2D774721F5C13D900892E42 /* ViewController.swift */ = {isa = PBXFileReference; lastKnownFileType = sourcecode.swift; path = ViewController.swift; sourceTree = "<group>"; };
		E2D774751F5C13D900892E42 /* Base */ = {isa = PBXFileReference; lastKnownFileType = file.storyboard; name = Base; path = Base.lproj/Main.storyboard; sourceTree = "<group>"; };
		E2D774771F5C13D900892E42 /* Assets.xcassets */ = {isa = PBXFileReference; lastKnownFileType = folder.assetcatalog; path = Assets.xcassets; sourceTree = "<group>"; };
		E2D7747A1F5C13D900892E42 /* Base */ = {isa = PBXFileReference; lastKnownFileType = file.storyboard; name = Base; path = Base.lproj/LaunchScreen.storyboard; sourceTree = "<group>"; };
		E2D7747C1F5C13D900892E42 /* Info.plist */ = {isa = PBXFileReference; lastKnownFileType = text.plist.xml; path = Info.plist; sourceTree = "<group>"; };
		E2D774811F5C13D900892E42 /* CalculatorTests.xctest */ = {isa = PBXFileReference; explicitFileType = wrapper.cfbundle; includeInIndex = 0; path = CalculatorTests.xctest; sourceTree = BUILT_PRODUCTS_DIR; };
		E2D774851F5C13D900892E42 /* CalculatorTests.swift */ = {isa = PBXFileReference; lastKnownFileType = sourcecode.swift; path = CalculatorTests.swift; sourceTree = "<group>"; };
		E2D774871F5C13D900892E42 /* Info.plist */ = {isa = PBXFileReference; lastKnownFileType = text.plist.xml; path = Info.plist; sourceTree = "<group>"; };
		E2D7748C1F5C13DA00892E42 /* CalculatorUITests.xctest */ = {isa = PBXFileReference; explicitFileType = wrapper.cfbundle; includeInIndex = 0; path = CalculatorUITests.xctest; sourceTree = BUILT_PRODUCTS_DIR; };
		E2D774901F5C13DA00892E42 /* CalculatorUITests.swift */ = {isa = PBXFileReference; lastKnownFileType = sourcecode.swift; path = CalculatorUITests.swift; sourceTree = "<group>"; };
		E2D774921F5C13DA00892E42 /* Info.plist */ = {isa = PBXFileReference; lastKnownFileType = text.plist.xml; path = Info.plist; sourceTree = "<group>"; };
/* End PBXFileReference section */

/* Begin PBXFrameworksBuildPhase section */
		E2D7746A1F5C13D900892E42 /* Frameworks */ = {
			isa = PBXFrameworksBuildPhase;
			buildActionMask = 2147483647;
			files = (
			);
			runOnlyForDeploymentPostprocessing = 0;
		};
		E2D7747E1F5C13D900892E42 /* Frameworks */ = {
			isa = PBXFrameworksBuildPhase;
			buildActionMask = 2147483647;
			files = (
			);
			runOnlyForDeploymentPostprocessing = 0;
		};
		E2D774891F5C13DA00892E42 /* Frameworks */ = {
			isa = PBXFrameworksBuildPhase;
			buildActionMask = 2147483647;
			files = (
			);
			runOnlyForDeploymentPostprocessing = 0;
		};
/* End PBXFrameworksBuildPhase section */

/* Begin PBXGroup section */
		E2D774641F5C13D900892E42 = {
			isa = PBXGroup;
			children = (
				E2D7746F1F5C13D900892E42 /* Calculator */,
				E2D774841F5C13D900892E42 /* CalculatorTests */,
				E2D7748F1F5C13DA00892E42 /* CalculatorUITests */,
				E2D7746E1F5C13D900892E42 /* Products */,
			);
			sourceTree = "<group>";
		};
		E2D7746E1F5C13D900892E42 /* Products */ = {
			isa = PBXGroup;
			children = (
				E2D7746D1F5C13D900892E42 /* Calculator.app */,
				E2D774811F5C13D900892E42 /* CalculatorTests.xctest */,
				E2D7748C1F5C13DA00892E42 /* CalculatorUITests.xctest */,
			);
			name = Products;
			sourceTree = "<group>";
		};
		E2D7746F1F5C13D900892E42 /* Calculator */ = {
			isa = PBXGroup;
			children = (
				E2D774701F5C13D900892E42 /* AppDelegate.swift */,
				E2D774721F5C13D900892E42 /* ViewController.swift */,
				E2D774741F5C13D900892E42 /* Main.storyboard */,
				E2D774771F5C13D900892E42 /* Assets.xcassets */,
				E2D774791F5C13D900892E42 /* LaunchScreen.storyboard */,
				E2D7747C1F5C13D900892E42 /* Info.plist */,
			);
			path = Calculator;
			sourceTree = "<group>";
		};
		E2D774841F5C13D900892E42 /* CalculatorTests */ = {
			isa = PBXGroup;
			children = (
				E2D774851F5C13D900892E42 /* CalculatorTests.swift */,
				E2D774871F5C13D900892E42 /* Info.plist */,
			);
			path = CalculatorTests;
			sourceTree = "<group>";
		};
		E2D7748F1F5C13DA00892E42 /* CalculatorUITests */ = {
			isa = PBXGroup;
			children = (
				E2D774901F5C13DA00892E42 /* CalculatorUITests.swift */,
				E2D774921F5C13DA00892E42 /* Info.plist */,
			);
			path = CalculatorUITests;
			sourceTree = "<group>";
		};
/* End PBXGroup section */

/* Begin PBXNativeTarget section */
		E2D7746C1F5C13D900892E42 /* Calculator */ = {
			isa = PBXNativeTarget;
			buildConfigurationList = E2D774951F5C13DA00892E42 /* Build configuration list for PBXNativeTarget "Calculator" */;
			buildPhases = (
				E2D774691F5C13D900892E42 /* Sources */,
				E2D7746A1F5C13D900892E42 /* Frameworks */,
				E2D7746B1F5C13D900892E42 /* Resources */,
			);
			buildRules = (
			);
			dependencies = (
			);
			name = Calculator;
			productName = Calculator;
			productReference = E2D7746D1F5C13D900892E42 /* Calculator.app */;
			productType = "com.apple.product-type.application";
		};
		E2D774801F5C13D900892E42 /* CalculatorTests */ = {
			isa = PBXNativeTarget;
			buildConfigurationList = E2D774981F5C13DA00892E42 /* Build configuration list for PBXNativeTarget "CalculatorTests" */;
			buildPhases = (
				E2D7747D1F5C13D900892E42 /* Sources */,
				E2D7747E1F5C13D900892E42 /* Frameworks */,
				E2D7747F1F5C13D900892E42 /* Resources */,
			);
			buildRules = (
			);
			dependencies = (
				E2D774831F5C13D900892E42 /* PBXTargetDependency */,
			);
			name = CalculatorTests;
			productName = CalculatorTests;
			productReference = E2D774811F5C13D900892E42 /* CalculatorTests.xctest */;
			productType = "com.apple.product-type.bundle.unit-test";
		};
		E2D7748B1F5C13DA00892E42 /* CalculatorUITests */ = {
			isa = PBXNativeTarget;
			buildConfigurationList = E2D7749B1F5C13DA00892E42 /* Build configuration list for PBXNativeTarget "CalculatorUITests" */;
			buildPhases = (
				E2D774881F5C13DA00892E42 /* Sources */,
				E2D774891F5C13DA00892E42 /* Frameworks */,
				E2D7748A1F5C13DA00892E42 /* Resources */,
			);
			buildRules = (
			);
			dependencies = (
				E2D7748E1F5C13DA00892E42 /* PBXTargetDependency */,
			);
			name = CalculatorUITests;
			productName = CalculatorUITests;
			productReference = E2D7748C1F5C13DA00892E42 /* CalculatorUITests.xctest */;
			productType = "com.apple.product-type.bundle.ui-testing";
		};
/* End PBXNativeTarget section */

/* Begin PBXProject section */
		E2D774651F5C13D900892E42 /* Project object */ = {
			isa = PBXProject;
			attributes = {
				LastSwiftUpdateCheck = 0830;
				LastUpgradeCheck = 0830;
				ORGANIZATIONNAME = Macintosh;
				TargetAttributes = {
					E2D7746C1F5C13D900892E42 = {
						CreatedOnToolsVersion = 8.3.3;
						ProvisioningStyle = Automatic;
					};
					E2D774801F5C13D900892E42 = {
						CreatedOnToolsVersion = 8.3.3;
						ProvisioningStyle = Automatic;
						TestTargetID = E2D7746C1F5C13D900892E42;
					};
					E2D7748B1F5C13DA00892E42 = {
						CreatedOnToolsVersion = 8.3.3;
						ProvisioningStyle = Automatic;
						TestTargetID = E2D7746C1F5C13D900892E42;
					};
				};
			};
			buildConfigurationList = E2D774681F5C13D900892E42 /* Build configuration list for PBXProject "Calculator" */;
			compatibilityVersion = "Xcode 3.2";
			developmentRegion = English;
			hasScannedForEncodings = 0;
			knownRegions = (
				en,
				Base,
			);
			mainGroup = E2D774641F5C13D900892E42;
			productRefGroup = E2D7746E1F5C13D900892E42 /* Products */;
			projectDirPath = "";
			projectRoot = "";
			targets = (
				E2D7746C1F5C13D900892E42 /* Calculator */,
				E2D774801F5C13D900892E42 /* CalculatorTests */,
				E2D7748B1F5C13DA00892E42 /* CalculatorUITests */,
			);
		};
/* End PBXProject section */

/* Begin PBXResourcesBuildPhase section */
		E2D7746B1F5C13D900892E42 /* Resources */ = {
			isa = PBXResourcesBuildPhase;
			buildActionMask = 2147483647;
			files = (
				E2D7747B1F5C13D900892E42 /* LaunchScreen.storyboard in Resources */,
				E2D774781F5C13D900892E42 /* Assets.xcassets in Resources */,
				E2D774761F5C13D900892E42 /* Main.storyboard in Resources */,
			);
			runOnlyForDeploymentPostprocessing = 0;
		};
		E2D7747F1F5C13D900892E42 /* Resources */ = {
			isa = PBXResourcesBuildPhase;
			buildActionMask = 2147483647;
			files = (
			);
			runOnlyForDeploymentPostprocessing = 0;
		};
		E2D7748A1F5C13DA00892E42 /* Resources */ = {
			isa = PBXResourcesBuildPhase;
			buildActionMask = 2147483647;
			files = (
			);
			runOnlyForDeploymentPostprocessing = 0;
		};
/* End PBXResourcesBuildPhase section */

/* Begin PBXSourcesBuildPhase section */
		E2D774691F5C13D900892E42 /* Sources */ = {
			isa = PBXSourcesBuildPhase;
			buildActionMask = 2147483647;
			files = (
				E2D774731F5C13D900892E42 /* ViewController.swift in Sources */,
				E2D774711F5C13D900892E42 /* AppDelegate.swift in Sources */,
			);
			runOnlyForDeploymentPostprocessing = 0;
		};
		E2D7747D1F5C13D900892E42 /* Sources */ = {
			isa = PBXSourcesBuildPhase;
			buildActionMask = 2147483647;
			files = (
				E2D774861F5C13D900892E42 /* CalculatorTests.swift in Sources */,
			);
			runOnlyForDeploymentPostprocessing = 0;
		};
		E2D774881F5C13DA00892E42 /* Sources */ = {
			isa = PBXSourcesBuildPhase;
			buildActionMask = 2147483647;
			files = (
				E2D774911F5C13DA00892E42 /* CalculatorUITests.swift in Sources */,
			);
			runOnlyForDeploymentPostprocessing = 0;
		};
/* End PBXSourcesBuildPhase section */

/* Begin PBXTargetDependency section */
		E2D774831F5C13D900892E42 /* PBXTargetDependency */ = {
			isa = PBXTargetDependency;
			target = E2D7746C1F5C13D900892E42 /* Calculator */;
			targetProxy = E2D774821F5C13D900892E42 /* PBXContainerItemProxy */;
		};
		E2D7748E1F5C13DA00892E42 /* PBXTargetDependency */ = {
			isa = PBXTargetDependency;
			target = E2D7746C1F5C13D900892E42 /* Calculator */;
			targetProxy = E2D7748D1F5C13DA00892E42 /* PBXContainerItemProxy */;
		};
/* End PBXTargetDependency section */

/* Begin PBXVariantGroup section */
		E2D774741F5C13D900892E42 /* Main.storyboard */ = {
			isa = PBXVariantGroup;
			children = (
				E2D774751F5C13D900892E42 /* Base */,
			);
			name = Main.storyboard;
			sourceTree = "<group>";
		};
		E2D774791F5C13D900892E42 /* LaunchScreen.storyboard */ = {
			isa = PBXVariantGroup;
			children = (
				E2D7747A1F5C13D900892E42 /* Base */,
			);
			name = LaunchScreen.storyboard;
			sourceTree = "<group>";
		};
/* End PBXVariantGroup section */

/* Begin XCBuildConfiguration section */
		E2D774931F5C13DA00892E42 /* Debug */ = {
			isa = XCBuildConfiguration;
			buildSettings = {
				ALWAYS_SEARCH_USER_PATHS = NO;
				CLANG_ANALYZER_NONNULL = YES;
				CLANG_ANALYZER_NUMBER_OBJECT_CONVERSION = YES_AGGRESSIVE;
				CLANG_CXX_LANGUAGE_STANDARD = "gnu++0x";
				CLANG_CXX_LIBRARY = "libc++";
				CLANG_ENABLE_MODULES = YES;
				CLANG_ENABLE_OBJC_ARC = YES;
				CLANG_WARN_BOOL_CONVERSION = YES;
				CLANG_WARN_CONSTANT_CONVERSION = YES;
				CLANG_WARN_DIRECT_OBJC_ISA_USAGE = YES_ERROR;
				CLANG_WARN_DOCUMENTATION_COMMENTS = YES;
				CLANG_WARN_EMPTY_BODY = YES;
				CLANG_WARN_ENUM_CONVERSION = YES;
				CLANG_WARN_INFINITE_RECURSION = YES;
				CLANG_WARN_INT_CONVERSION = YES;
				CLANG_WARN_OBJC_ROOT_CLASS = YES_ERROR;
				CLANG_WARN_SUSPICIOUS_MOVE = YES;
				CLANG_WARN_UNREACHABLE_CODE = YES;
				CLANG_WARN__DUPLICATE_METHOD_MATCH = YES;
				"CODE_SIGN_IDENTITY[sdk=iphoneos*]" = "iPhone Developer";
				COPY_PHASE_STRIP = NO;
				DEBUG_INFORMATION_FORMAT = dwarf;
				ENABLE_STRICT_OBJC_MSGSEND = YES;
				ENABLE_TESTABILITY = YES;
				GCC_C_LANGUAGE_STANDARD = gnu99;
				GCC_DYNAMIC_NO_PIC = NO;
				GCC_NO_COMMON_BLOCKS = YES;
				GCC_OPTIMIZATION_LEVEL = 0;
				GCC_PREPROCESSOR_DEFINITIONS = (
					"DEBUG=1",
					"$(inherited)",
				);
				GCC_WARN_64_TO_32_BIT_CONVERSION = YES;
				GCC_WARN_ABOUT_RETURN_TYPE = YES_ERROR;
				GCC_WARN_UNDECLARED_SELECTOR = YES;
				GCC_WARN_UNINITIALIZED_AUTOS = YES_AGGRESSIVE;
				GCC_WARN_UNUSED_FUNCTION = YES;
				GCC_WARN_UNUSED_VARIABLE = YES;
				IPHONEOS_DEPLOYMENT_TARGET = 10.3;
				MTL_ENABLE_DEBUG_INFO = YES;
				ONLY_ACTIVE_ARCH = YES;
				SDKROOT = iphoneos;
				SWIFT_ACTIVE_COMPILATION_CONDITIONS = DEBUG;
				SWIFT_OPTIMIZATION_LEVEL = "-Onone";
				TARGETED_DEVICE_FAMILY = "1,2";
			};
			name = Debug;
		};
		E2D774941F5C13DA00892E42 /* Release */ = {
			isa = XCBuildConfiguration;
			buildSettings = {
				ALWAYS_SEARCH_USER_PATHS = NO;
				CLANG_ANALYZER_NONNULL = YES;
				CLANG_ANALYZER_NUMBER_OBJECT_CONVERSION = YES_AGGRESSIVE;
				CLANG_CXX_LANGUAGE_STANDARD = "gnu++0x";
				CLANG_CXX_LIBRARY = "libc++";
				CLANG_ENABLE_MODULES = YES;
				CLANG_ENABLE_OBJC_ARC = YES;
				CLANG_WARN_BOOL_CONVERSION = YES;
				CLANG_WARN_CONSTANT_CONVERSION = YES;
				CLANG_WARN_DIRECT_OBJC_ISA_USAGE = YES_ERROR;
				CLANG_WARN_DOCUMENTATION_COMMENTS = YES;
				CLANG_WARN_EMPTY_BODY = YES;
				CLANG_WARN_ENUM_CONVERSION = YES;
				CLANG_WARN_INFINITE_RECURSION = YES;
				CLANG_WARN_INT_CONVERSION = YES;
				CLANG_WARN_OBJC_ROOT_CLASS = YES_ERROR;
				CLANG_WARN_SUSPICIOUS_MOVE = YES;
				CLANG_WARN_UNREACHABLE_CODE = YES;
				CLANG_WARN__DUPLICATE_METHOD_MATCH = YES;
				"CODE_SIGN_IDENTITY[sdk=iphoneos*]" = "iPhone Developer";
				COPY_PHASE_STRIP = NO;
				DEBUG_INFORMATION_FORMAT = "dwarf-with-dsym";
				ENABLE_NS_ASSERTIONS = NO;
				ENABLE_STRICT_OBJC_MSGSEND = YES;
				GCC_C_LANGUAGE_STANDARD = gnu99;
				GCC_NO_COMMON_BLOCKS = YES;
				GCC_WARN_64_TO_32_BIT_CONVERSION = YES;
				GCC_WARN_ABOUT_RETURN_TYPE = YES_ERROR;
				GCC_WARN_UNDECLARED_SELECTOR = YES;
				GCC_WARN_UNINITIALIZED_AUTOS = YES_AGGRESSIVE;
				GCC_WARN_UNUSED_FUNCTION = YES;
				GCC_WARN_UNUSED_VARIABLE = YES;
				IPHONEOS_DEPLOYMENT_TARGET = 10.3;
				MTL_ENABLE_DEBUG_INFO = NO;
				SDKROOT = iphoneos;
				SWIFT_OPTIMIZATION_LEVEL = "-Owholemodule";
				TARGETED_DEVICE_FAMILY = "1,2";
				VALIDATE_PRODUCT = YES;
			};
			name = Release;
		};
		E2D774961F5C13DA00892E42 /* Debug */ = {
			isa = XCBuildConfiguration;
			buildSettings = {
				ASSETCATALOG_COMPILER_APPICON_NAME = AppIcon;
				INFOPLIST_FILE = Calculator/Info.plist;
				IPHONEOS_DEPLOYMENT_TARGET = 10.0;
				LD_RUNPATH_SEARCH_PATHS = "$(inherited) @executable_path/Frameworks";
				PRODUCT_BUNDLE_IDENTIFIER = NoName.Calculator;
				PRODUCT_NAME = "$(TARGET_NAME)";
				SWIFT_VERSION = 3.0;
			};
			name = Debug;
		};
		E2D774971F5C13DA00892E42 /* Release */ = {
			isa = XCBuildConfiguration;
			buildSettings = {
				ASSETCATALOG_COMPILER_APPICON_NAME = AppIcon;
				INFOPLIST_FILE = Calculator/Info.plist;
				IPHONEOS_DEPLOYMENT_TARGET = 10.0;
				LD_RUNPATH_SEARCH_PATHS = "$(inherited) @executable_path/Frameworks";
				PRODUCT_BUNDLE_IDENTIFIER = NoName.Calculator;
				PRODUCT_NAME = "$(TARGET_NAME)";
				SWIFT_VERSION = 3.0;
			};
			name = Release;
		};
		E2D774991F5C13DA00892E42 /* Debug */ = {
			isa = XCBuildConfiguration;
			buildSettings = {
				ALWAYS_EMBED_SWIFT_STANDARD_LIBRARIES = YES;
				BUNDLE_LOADER = "$(TEST_HOST)";
				INFOPLIST_FILE = CalculatorTests/Info.plist;
				LD_RUNPATH_SEARCH_PATHS = "$(inherited) @executable_path/Frameworks @loader_path/Frameworks";
				PRODUCT_BUNDLE_IDENTIFIER = NoName.CalculatorTests;
				PRODUCT_NAME = "$(TARGET_NAME)";
				SWIFT_VERSION = 3.0;
				TEST_HOST = "$(BUILT_PRODUCTS_DIR)/Calculator.app/Calculator";
			};
			name = Debug;
		};
		E2D7749A1F5C13DA00892E42 /* Release */ = {
			isa = XCBuildConfiguration;
			buildSettings = {
				ALWAYS_EMBED_SWIFT_STANDARD_LIBRARIES = YES;
				BUNDLE_LOADER = "$(TEST_HOST)";
				INFOPLIST_FILE = CalculatorTests/Info.plist;
				LD_RUNPATH_SEARCH_PATHS = "$(inherited) @executable_path/Frameworks @loader_path/Frameworks";
				PRODUCT_BUNDLE_IDENTIFIER = NoName.CalculatorTests;
				PRODUCT_NAME = "$(TARGET_NAME)";
				SWIFT_VERSION = 3.0;
				TEST_HOST = "$(BUILT_PRODUCTS_DIR)/Calculator.app/Calculator";
			};
			name = Release;
		};
		E2D7749C1F5C13DA00892E42 /* Debug */ = {
			isa = XCBuildConfiguration;
			buildSettings = {
				ALWAYS_EMBED_SWIFT_STANDARD_LIBRARIES = YES;
				INFOPLIST_FILE = CalculatorUITests/Info.plist;
				LD_RUNPATH_SEARCH_PATHS = "$(inherited) @executable_path/Frameworks @loader_path/Frameworks";
				PRODUCT_BUNDLE_IDENTIFIER = NoName.CalculatorUITests;
				PRODUCT_NAME = "$(TARGET_NAME)";
				SWIFT_VERSION = 3.0;
				TEST_TARGET_NAME = Calculator;
			};
			name = Debug;
		};
		E2D7749D1F5C13DA00892E42 /* Release */ = {
			isa = XCBuildConfiguration;
			buildSettings = {
				ALWAYS_EMBED_SWIFT_STANDARD_LIBRARIES = YES;
				INFOPLIST_FILE = CalculatorUITests/Info.plist;
				LD_RUNPATH_SEARCH_PATHS = "$(inherited) @executable_path/Frameworks @loader_path/Frameworks";
				PRODUCT_BUNDLE_IDENTIFIER = NoName.CalculatorUITests;
				PRODUCT_NAME = "$(TARGET_NAME)";
				SWIFT_VERSION = 3.0;
				TEST_TARGET_NAME = Calculator;
			};
			name = Release;
		};
/* End XCBuildConfiguration section */

/* Begin XCConfigurationList section */
		E2D774681F5C13D900892E42 /* Build configuration list for PBXProject "Calculator" */ = {
			isa = XCConfigurationList;
			buildConfigurations = (
				E2D774931F5C13DA00892E42 /* Debug */,
				E2D774941F5C13DA00892E42 /* Release */,
			);
			defaultConfigurationIsVisible = 0;
			defaultConfigurationName = Release;
		};
		E2D774951F5C13DA00892E42 /* Build configuration list for PBXNativeTarget "Calculator" */ = {
			isa = XCConfigurationList;
			buildConfigurations = (
				E2D774961F5C13DA00892E42 /* Debug */,
				E2D774971F5C13DA00892E42 /* Release */,
			);
			defaultConfigurationIsVisible = 0;
		};
		E2D774981F5C13DA00892E42 /* Build configuration list for PBXNativeTarget "CalculatorTests" */ = {
			isa = XCConfigurationList;
			buildConfigurations = (
				E2D774991F5C13DA00892E42 /* Debug */,
				E2D7749A1F5C13DA00892E42 /* Release */,
			);
			defaultConfigurationIsVisible = 0;
		};
		E2D7749B1F5C13DA00892E42 /* Build configuration list for PBXNativeTarget "CalculatorUITests" */ = {
			isa = XCConfigurationList;
			buildConfigurations = (
				E2D7749C1F5C13DA00892E42 /* Debug */,
				E2D7749D1F5C13DA00892E42 /* Release */,
			);
			defaultConfigurationIsVisible = 0;
		};
/* End XCConfigurationList section */
	};
	rootObject = E2D774651F5C13D900892E42 /* Project object */;
}
